[[package]]
name = "setup"
version = "0.1.0"
dependencies = [
 "webbrowser 0.3.1 (registry+https://github.com/rust-lang/crates.io-index)",
]

[[package]]
name = "webbrowser"
version = "0.3.1"
source = "registry+https://github.com/rust-lang/crates.io-index"

[metadata]
"checksum webbrowser 0.3.1 (registry+https://github.com/rust-lang/crates.io-index)" = "21c311234fd1392a0071c1476cb7a4338dd2479e03e80e2328fbbf2db117b028"
